
Microsoft Visual Studio Solution File, Format Version 12.00
# Visual Studio Version 17
VisualStudioVersion = 17.11.35208.52
MinimumVisualStudioVersion = 10.0.40219.1
Project("{FAE04EC0-301F-11D3-BF4B-00C04F79EFBC}") = "WebApplication280924_Article", "WebApplication280924_Article.csproj", "{AE227777-353C-443A-8EA1-1AC1F938C6CC}"
EndProject
Global
	GlobalSection(SolutionConfigurationPlatforms) = preSolution
		Debug|Any CPU = Debug|Any CPU
		Release|Any CPU = Release|Any CPU
	EndGlobalSection
	GlobalSection(ProjectConfigurationPlatforms) = postSolution
		{AE227777-353C-443A-8EA1-1AC1F938C6CC}.Debug|Any CPU.ActiveCfg = Debug|Any CPU
		{AE227777-353C-443A-8EA1-1AC1F938C6CC}.Debug|Any CPU.Build.0 = Debug|Any CPU
		{AE227777-353C-443A-8EA1-1AC1F938C6CC}.Release|Any CPU.ActiveCfg = Release|Any CPU
		{AE227777-353C-443A-8EA1-1AC1F938C6CC}.Release|Any CPU.Build.0 = Release|Any CPU
	EndGlobalSection
	GlobalSection(SolutionProperties) = preSolution
		HideSolutionNode = FALSE
	EndGlobalSection
	GlobalSection(ExtensibilityGlobals) = postSolution
		SolutionGuid = {1A2CED4A-94D6-41FF-970B-ACA1C11C0340}
	EndGlobalSection
EndGlobal
